
Microsoft Visual Studio Solution File, Format Version 11.00
# Visual Studio 2010
Project("{FAE04EC0-301F-11D3-BF4B-00C04F79EFBC}") = "WarTornLands", "WarTornLands\WarTornLands\WarTornLands.csproj", "{19F62EDA-2A13-41AE-87B5-AD31D430889B}"
EndProject
Project("{96E2B04D-8817-42C6-938A-82C39BA4D311}") = "WarTornLandsContent", "WarTornLands\WarTornLandsContent\WarTornLandsContent.contentproj", "{26B4BEA3-E8E1-4BDC-B321-FD2EDC833D3F}"
EndProject
Global
	GlobalSection(SolutionConfigurationPlatforms) = preSolution
		Debug|x86 = Debug|x86
		Release|x86 = Release|x86
	EndGlobalSection
	GlobalSection(ProjectConfigurationPlatforms) = postSolution
		{19F62EDA-2A13-41AE-87B5-AD31D430889B}.Debug|x86.ActiveCfg = Debug|x86
		{19F62EDA-2A13-41AE-87B5-AD31D430889B}.Debug|x86.Build.0 = Debug|x86
		{19F62EDA-2A13-41AE-87B5-AD31D430889B}.Release|x86.ActiveCfg = Release|x86
		{19F62EDA-2A13-41AE-87B5-AD31D430889B}.Release|x86.Build.0 = Release|x86
		{26B4BEA3-E8E1-4BDC-B321-FD2EDC833D3F}.Debug|x86.ActiveCfg = Debug|x86
		{26B4BEA3-E8E1-4BDC-B321-FD2EDC833D3F}.Release|x86.ActiveCfg = Release|x86
	EndGlobalSection
	GlobalSection(SolutionProperties) = preSolution
		HideSolutionNode = FALSE
	EndGlobalSection
EndGlobal
